
Microsoft Visual Studio Solution File, Format Version 12.00
# Visual Studio Version 17
VisualStudioVersion = 17.11.35312.102
MinimumVisualStudioVersion = 10.0.40219.1
Project("{FAE04EC0-301F-11D3-BF4B-00C04F79EFBC}") = "MVCProject", "MVCProject\MVCProject.csproj", "{3023AF80-45A7-4862-A68E-D30DAD553D02}"
EndProject
Project("{FAE04EC0-301F-11D3-BF4B-00C04F79EFBC}") = "BLL", "BLL\BLL.csproj", "{3426E1AD-89C4-4EB7-9AB6-C88B047555A9}"
EndProject
Global
	GlobalSection(SolutionConfigurationPlatforms) = preSolution
		Debug|Any CPU = Debug|Any CPU
		Release|Any CPU = Release|Any CPU
	EndGlobalSection
	GlobalSection(ProjectConfigurationPlatforms) = postSolution
		{3023AF80-45A7-4862-A68E-D30DAD553D02}.Debug|Any CPU.ActiveCfg = Debug|Any CPU
		{3023AF80-45A7-4862-A68E-D30DAD553D02}.Debug|Any CPU.Build.0 = Debug|Any CPU
		{3023AF80-45A7-4862-A68E-D30DAD553D02}.Release|Any CPU.ActiveCfg = Release|Any CPU
		{3023AF80-45A7-4862-A68E-D30DAD553D02}.Release|Any CPU.Build.0 = Release|Any CPU
		{3426E1AD-89C4-4EB7-9AB6-C88B047555A9}.Debug|Any CPU.ActiveCfg = Debug|Any CPU
		{3426E1AD-89C4-4EB7-9AB6-C88B047555A9}.Debug|Any CPU.Build.0 = Debug|Any CPU
		{3426E1AD-89C4-4EB7-9AB6-C88B047555A9}.Release|Any CPU.ActiveCfg = Release|Any CPU
		{3426E1AD-89C4-4EB7-9AB6-C88B047555A9}.Release|Any CPU.Build.0 = Release|Any CPU
	EndGlobalSection
	GlobalSection(SolutionProperties) = preSolution
		HideSolutionNode = FALSE
	EndGlobalSection
	GlobalSection(ExtensibilityGlobals) = postSolution
		SolutionGuid = {EAD5FCF4-0A74-4504-BAC2-92EA5C6CC5D7}
	EndGlobalSection
EndGlobal
